
Microsoft Visual Studio Solution File, Format Version 12.00
# Visual Studio Version 16
VisualStudioVersion = 16.0.29411.108
MinimumVisualStudioVersion = 10.0.40219.1
Project("{9A19103F-16F7-4668-BE54-9A1E7A4F7556}") = "TimManager", "TimManager\TimManager.csproj", "{17321C91-41CC-4C12-A7CF-4044B9BC5F89}"
EndProject
Project("{9A19103F-16F7-4668-BE54-9A1E7A4F7556}") = "Tim.Manager.Db", "Tim.Manager.Db\Tim.Manager.Db.csproj", "{7E593AF8-D246-4AD1-AB4E-C2959E3E4851}"
EndProject
Project("{2150E333-8FDC-42A3-9474-1A3956D46DE8}") = "Tests", "Tests", "{71134025-826F-411B-97E8-9EC13697EAD7}"
EndProject
Project("{FAE04EC0-301F-11D3-BF4B-00C04F79EFBC}") = "TimManager.Ui.Tests", "Tests\TimManager.Ui.Tests\TimManager.Ui.Tests.csproj", "{08FF3240-49B7-4F96-AA50-D16621B7922C}"
EndProject
Project("{FAE04EC0-301F-11D3-BF4B-00C04F79EFBC}") = "TimManager.LogViewer", "TimManager.LogViewer\TimManager.LogViewer.csproj", "{9D849990-7227-4E3F-A1FC-DB7518F6A848}"
EndProject
Global
	GlobalSection(SolutionConfigurationPlatforms) = preSolution
		Debug|Any CPU = Debug|Any CPU
		Release|Any CPU = Release|Any CPU
	EndGlobalSection
	GlobalSection(ProjectConfigurationPlatforms) = postSolution
		{17321C91-41CC-4C12-A7CF-4044B9BC5F89}.Debug|Any CPU.ActiveCfg = Debug|Any CPU
		{17321C91-41CC-4C12-A7CF-4044B9BC5F89}.Debug|Any CPU.Build.0 = Debug|Any CPU
		{17321C91-41CC-4C12-A7CF-4044B9BC5F89}.Release|Any CPU.ActiveCfg = Release|Any CPU
		{17321C91-41CC-4C12-A7CF-4044B9BC5F89}.Release|Any CPU.Build.0 = Release|Any CPU
		{7E593AF8-D246-4AD1-AB4E-C2959E3E4851}.Debug|Any CPU.ActiveCfg = Debug|Any CPU
		{7E593AF8-D246-4AD1-AB4E-C2959E3E4851}.Debug|Any CPU.Build.0 = Debug|Any CPU
		{7E593AF8-D246-4AD1-AB4E-C2959E3E4851}.Release|Any CPU.ActiveCfg = Release|Any CPU
		{7E593AF8-D246-4AD1-AB4E-C2959E3E4851}.Release|Any CPU.Build.0 = Release|Any CPU
		{08FF3240-49B7-4F96-AA50-D16621B7922C}.Debug|Any CPU.ActiveCfg = Debug|Any CPU
		{08FF3240-49B7-4F96-AA50-D16621B7922C}.Debug|Any CPU.Build.0 = Debug|Any CPU
		{08FF3240-49B7-4F96-AA50-D16621B7922C}.Release|Any CPU.ActiveCfg = Release|Any CPU
		{08FF3240-49B7-4F96-AA50-D16621B7922C}.Release|Any CPU.Build.0 = Release|Any CPU
		{9D849990-7227-4E3F-A1FC-DB7518F6A848}.Debug|Any CPU.ActiveCfg = Debug|Any CPU
		{9D849990-7227-4E3F-A1FC-DB7518F6A848}.Debug|Any CPU.Build.0 = Debug|Any CPU
		{9D849990-7227-4E3F-A1FC-DB7518F6A848}.Release|Any CPU.ActiveCfg = Release|Any CPU
		{9D849990-7227-4E3F-A1FC-DB7518F6A848}.Release|Any CPU.Build.0 = Release|Any CPU
	EndGlobalSection
	GlobalSection(SolutionProperties) = preSolution
		HideSolutionNode = FALSE
	EndGlobalSection
	GlobalSection(NestedProjects) = preSolution
		{08FF3240-49B7-4F96-AA50-D16621B7922C} = {71134025-826F-411B-97E8-9EC13697EAD7}
	EndGlobalSection
	GlobalSection(ExtensibilityGlobals) = postSolution
		SolutionGuid = {BF620A01-DAEA-48A4-9A97-2DD337C134E9}
	EndGlobalSection
EndGlobal
